
// !$*UTF8*$!
{
	archiveVersion = 1;
	classes = {
	};
	objectVersion = 50;
	objects = {

/* Begin PBXBuildFile section */
		0A0D194121E6600D006CD668 /* AppDelegate.swift in Sources */ = {isa = PBXBuildFile; fileRef = 0A0D194021E6600D006CD668 /* AppDelegate.swift */; };
		0A0D194321E6600D006CD668 /* PokemonViewController.swift in Sources */ = {isa = PBXBuildFile; fileRef = 0A0D194221E6600D006CD668 /* PokemonViewController.swift */; };
		0A0D194621E6600D006CD668 /* Main.storyboard in Resources */ = {isa = PBXBuildFile; fileRef = 0A0D194421E6600D006CD668 /* Main.storyboard */; };