
// !$*UTF8*$!
{
	archiveVersion = 1;
	classes = {
	};
	objectVersion = 50;
	objects = {

/* Begin PBXBuildFile section */
		0A0D194121E6600D006CD668 /* AppDelegate.swift in Sources */ = {isa = PBXBuildFile; fileRef = 0A0D194021E6600D006CD668 /* AppDelegate.swift */; };
		0A0D194321E6600D006CD668 /* PokemonViewController.swift in Sources */ = {isa = PBXBuildFile; fileRef = 0A0D194221E6600D006CD668 /* PokemonViewController.swift */; };
		0A0D194621E6600D006CD668 /* Main.storyboard in Resources */ = {isa = PBXBuildFile; fileRef = 0A0D194421E6600D006CD668 /* Main.storyboard */; };
		0A0D194821E6600F006CD668 /* Assets.xcassets in Resources */ = {isa = PBXBuildFile; fileRef = 0A0D194721E6600F006CD668 /* Assets.xcassets */; };
		0A0D194B21E6600F006CD668 /* LaunchScreen.storyboard in Resources */ = {isa = PBXBuildFile; fileRef = 0A0D194921E6600F006CD668 /* LaunchScreen.storyboard */; };
		0A0D195521E66051006CD668 /* PokemonAPIClient.swift in Sources */ = {isa = PBXBuildFile; fileRef = 0A0D195421E66051006CD668 /* PokemonAPIClient.swift */; };
		0A0D195821E6609C006CD668 /* Pokemon.swift in Sources */ = {isa = PBXBuildFile; fileRef = 0A0D195721E6609C006CD668 /* Pokemon.swift */; };
		0A0D195C21E6646E006CD668 /* PokemonCardCell.swift in Sources */ = {isa = PBXBuildFile; fileRef = 0A0D195B21E6646E006CD668 /* PokemonCardCell.swift */; };
		0A0D195E21E66575006CD668 /* MagicCardCell.swift in Sources */ = {isa = PBXBuildFile; fileRef = 0A0D195D21E66575006CD668 /* MagicCardCell.swift */; };
		0A0D196021E66596006CD668 /* MagicViewController.swift in Sources */ = {isa = PBXBuildFile; fileRef = 0A0D195F21E66596006CD668 /* MagicViewController.swift */; };
		0A0D196221E66614006CD668 /* MagicDetailViewController.swift in Sources */ = {isa = PBXBuildFile; fileRef = 0A0D196121E66614006CD668 /* MagicDetailViewController.swift */; };
		0A0D196421E6661E006CD668 /* PokemonDetailViewController.swift in Sources */ = {isa = PBXBuildFile; fileRef = 0A0D196321E6661E006CD668 /* PokemonDetailViewController.swift */; };
		0A0D196621E66AB7006CD668 /* PokemonAttackDetailCell.swift in Sources */ = {isa = PBXBuildFile; fileRef = 0A0D196521E66AB7006CD668 /* PokemonAttackDetailCell.swift */; };
/* End PBXBuildFile section */

/* Begin PBXFileReference section */
		0A0D193D21E6600D006CD668 /* TradingCardGame.app */ = {isa = PBXFileReference; explicitFileType = wrapper.application; includeInIndex = 0; path = TradingCardGame.app; sourceTree = BUILT_PRODUCTS_DIR; };
		0A0D194021E6600D006CD668 /* AppDelegate.swift */ = {isa = PBXFileReference; lastKnownFileType = sourcecode.swift; path = AppDelegate.swift; sourceTree = "<group>"; };
		0A0D194221E6600D006CD668 /* PokemonViewController.swift */ = {isa = PBXFileReference; lastKnownFileType = sourcecode.swift; path = PokemonViewController.swift; sourceTree = "<group>"; };
		0A0D194521E6600D006CD668 /* Base */ = {isa = PBXFileReference; lastKnownFileType = file.storyboard; name = Base; path = Base.lproj/Main.storyboard; sourceTree = "<group>"; };
		0A0D194721E6600F006CD668 /* Assets.xcassets */ = {isa = PBXFileReference; lastKnownFileType = folder.assetcatalog; path = Assets.xcassets; sourceTree = "<group>"; };
		0A0D194A21E6600F006CD668 /* Base */ = {isa = PBXFileReference; lastKnownFileType = file.storyboard; name = Base; path = Base.lproj/LaunchScreen.storyboard; sourceTree = "<group>"; };
		0A0D194C21E6600F006CD668 /* Info.plist */ = {isa = PBXFileReference; lastKnownFileType = text.plist.xml; path = Info.plist; sourceTree = "<group>"; };
		0A0D195421E66051006CD668 /* PokemonAPIClient.swift */ = {isa = PBXFileReference; lastKnownFileType = sourcecode.swift; path = PokemonAPIClient.swift; sourceTree = "<group>"; };
		0A0D195721E6609C006CD668 /* Pokemon.swift */ = {isa = PBXFileReference; lastKnownFileType = sourcecode.swift; path = Pokemon.swift; sourceTree = "<group>"; };
		0A0D195B21E6646E006CD668 /* PokemonCardCell.swift */ = {isa = PBXFileReference; lastKnownFileType = sourcecode.swift; path = PokemonCardCell.swift; sourceTree = "<group>"; };
		0A0D195D21E66575006CD668 /* MagicCardCell.swift */ = {isa = PBXFileReference; lastKnownFileType = sourcecode.swift; path = MagicCardCell.swift; sourceTree = "<group>"; };
		0A0D195F21E66596006CD668 /* MagicViewController.swift */ = {isa = PBXFileReference; lastKnownFileType = sourcecode.swift; name = MagicViewController.swift; path = TradingCardGame/Controllers/MagicViewController.swift; sourceTree = SOURCE_ROOT; };
		0A0D196121E66614006CD668 /* MagicDetailViewController.swift */ = {isa = PBXFileReference; lastKnownFileType = sourcecode.swift; path = MagicDetailViewController.swift; sourceTree = "<group>"; };
		0A0D196321E6661E006CD668 /* PokemonDetailViewController.swift */ = {isa = PBXFileReference; lastKnownFileType = sourcecode.swift; path = PokemonDetailViewController.swift; sourceTree = "<group>"; };
		0A0D196521E66AB7006CD668 /* PokemonAttackDetailCell.swift */ = {isa = PBXFileReference; lastKnownFileType = sourcecode.swift; path = PokemonAttackDetailCell.swift; sourceTree = "<group>"; };
/* End PBXFileReference section */

/* Begin PBXFrameworksBuildPhase section */
		0A0D193A21E6600D006CD668 /* Frameworks */ = {
			isa = PBXFrameworksBuildPhase;
			buildActionMask = 2147483647;
			files = (
			);
			runOnlyForDeploymentPostprocessing = 0;
		};
/* End PBXFrameworksBuildPhase section */

/* Begin PBXGroup section */
		0A0D193421E6600D006CD668 = {
			isa = PBXGroup;
			children = (
				0A0D193F21E6600D006CD668 /* TradingCardGame */,
				0A0D193E21E6600D006CD668 /* Products */,
			);
			sourceTree = "<group>";
		};
		0A0D193E21E6600D006CD668 /* Products */ = {
			isa = PBXGroup;
			children = (
				0A0D193D21E6600D006CD668 /* TradingCardGame.app */,
			);
			name = Products;
			sourceTree = "<group>";
		};
		0A0D193F21E6600D006CD668 /* TradingCardGame */ = {
			isa = PBXGroup;
			children = (
				0A0D195921E660A4006CD668 /* Model */,
				0A0D195621E66060006CD668 /* Network Services */,
				0A0D195221E6601B006CD668 /* Supporting Files */,
				0A0D195321E66023006CD668 /* Controllers */,
				0A0D195A21E660B3006CD668 /* View */,
				0A0D194721E6600F006CD668 /* Assets.xcassets */,
				0A0D194C21E6600F006CD668 /* Info.plist */,
			);
			path = TradingCardGame;
			sourceTree = "<group>";
		};
		0A0D195221E6601B006CD668 /* Supporting Files */ = {
			isa = PBXGroup;
			children = (
				0A0D194021E6600D006CD668 /* AppDelegate.swift */,
				0A0D194921E6600F006CD668 /* LaunchScreen.storyboard */,
			);
			path = "Supporting Files";
			sourceTree = "<group>";
		};
		0A0D195321E66023006CD668 /* Controllers */ = {
			isa = PBXGroup;
			children = (
				0A0D194221E6600D006CD668 /* PokemonViewController.swift */,
				0A0D195F21E66596006CD668 /* MagicViewController.swift */,
				0A0D196121E66614006CD668 /* MagicDetailViewController.swift */,
				0A0D196321E6661E006CD668 /* PokemonDetailViewController.swift */,
			);
			path = Controllers;
			sourceTree = "<group>";
		};
		0A0D195621E66060006CD668 /* Network Services */ = {
			isa = PBXGroup;
			children = (
				0A0D195421E66051006CD668 /* PokemonAPIClient.swift */,
			);
			path = "Network Services";
			sourceTree = "<group>";
		};
		0A0D195921E660A4006CD668 /* Model */ = {
			isa = PBXGroup;
			children = (
				0A0D195721E6609C006CD668 /* Pokemon.swift */,
			);
			path = Model;
			sourceTree = "<group>";
		};
		0A0D195A21E660B3006CD668 /* View */ = {
			isa = PBXGroup;
			children = (
				0A0D194421E6600D006CD668 /* Main.storyboard */,
				0A0D196521E66AB7006CD668 /* PokemonAttackDetailCell.swift */,
				0A0D195D21E66575006CD668 /* MagicCardCell.swift */,
				0A0D195B21E6646E006CD668 /* PokemonCardCell.swift */,
			);
			path = View;
			sourceTree = "<group>";
		};
/* End PBXGroup section */

/* Begin PBXNativeTarget section */
		0A0D193C21E6600D006CD668 /* TradingCardGame */ = {
			isa = PBXNativeTarget;
			buildConfigurationList = 0A0D194F21E6600F006CD668 /* Build configuration list for PBXNativeTarget "TradingCardGame" */;
			buildPhases = (
				0A0D193921E6600D006CD668 /* Sources */,
				0A0D193A21E6600D006CD668 /* Frameworks */,
				0A0D193B21E6600D006CD668 /* Resources */,
			);
			buildRules = (
			);
			dependencies = (
			);
			name = TradingCardGame;
			productName = TradingCardGame;
			productReference = 0A0D193D21E6600D006CD668 /* TradingCardGame.app */;
			productType = "com.apple.product-type.application";
		};
/* End PBXNativeTarget section */

/* Begin PBXProject section */
		0A0D193521E6600D006CD668 /* Project object */ = {
			isa = PBXProject;
			attributes = {
				LastSwiftUpdateCheck = 1010;
				LastUpgradeCheck = 1010;
				ORGANIZATIONNAME = J;
				TargetAttributes = {
					0A0D193C21E6600D006CD668 = {
						CreatedOnToolsVersion = 10.1;
					};
				};
			};
			buildConfigurationList = 0A0D193821E6600D006CD668 /* Build configuration list for PBXProject "TradingCardGame" */;
			compatibilityVersion = "Xcode 9.3";
			developmentRegion = en;
			hasScannedForEncodings = 0;
			knownRegions = (
				en,
				Base,
			);
			mainGroup = 0A0D193421E6600D006CD668;
			productRefGroup = 0A0D193E21E6600D006CD668 /* Products */;
			projectDirPath = "";
			projectRoot = "";
			targets = (
				0A0D193C21E6600D006CD668 /* TradingCardGame */,
			);
		};
/* End PBXProject section */

/* Begin PBXResourcesBuildPhase section */
		0A0D193B21E6600D006CD668 /* Resources */ = {
			isa = PBXResourcesBuildPhase;
			buildActionMask = 2147483647;
			files = (
				0A0D194B21E6600F006CD668 /* LaunchScreen.storyboard in Resources */,
				0A0D194821E6600F006CD668 /* Assets.xcassets in Resources */,
				0A0D194621E6600D006CD668 /* Main.storyboard in Resources */,
			);
			runOnlyForDeploymentPostprocessing = 0;
		};
/* End PBXResourcesBuildPhase section */

/* Begin PBXSourcesBuildPhase section */
		0A0D193921E6600D006CD668 /* Sources */ = {
			isa = PBXSourcesBuildPhase;
			buildActionMask = 2147483647;
			files = (
				0A0D195521E66051006CD668 /* PokemonAPIClient.swift in Sources */,
				0A0D195C21E6646E006CD668 /* PokemonCardCell.swift in Sources */,
				0A0D196021E66596006CD668 /* MagicViewController.swift in Sources */,
				0A0D195821E6609C006CD668 /* Pokemon.swift in Sources */,
				0A0D196621E66AB7006CD668 /* PokemonAttackDetailCell.swift in Sources */,
				0A0D195E21E66575006CD668 /* MagicCardCell.swift in Sources */,
				0A0D196221E66614006CD668 /* MagicDetailViewController.swift in Sources */,
				0A0D194321E6600D006CD668 /* PokemonViewController.swift in Sources */,
				0A0D194121E6600D006CD668 /* AppDelegate.swift in Sources */,
				0A0D196421E6661E006CD668 /* PokemonDetailViewController.swift in Sources */,
			);
			runOnlyForDeploymentPostprocessing = 0;
		};
/* End PBXSourcesBuildPhase section */

/* Begin PBXVariantGroup section */
		0A0D194421E6600D006CD668 /* Main.storyboard */ = {
			isa = PBXVariantGroup;
			children = (
				0A0D194521E6600D006CD668 /* Base */,
			);
			name = Main.storyboard;
			sourceTree = "<group>";
		};
		0A0D194921E6600F006CD668 /* LaunchScreen.storyboard */ = {
			isa = PBXVariantGroup;
			children = (
				0A0D194A21E6600F006CD668 /* Base */,
			);
			name = LaunchScreen.storyboard;
			sourceTree = "<group>";
		};
/* End PBXVariantGroup section */

/* Begin XCBuildConfiguration section */
		0A0D194D21E6600F006CD668 /* Debug */ = {
			isa = XCBuildConfiguration;
			buildSettings = {
				ALWAYS_SEARCH_USER_PATHS = NO;
				CLANG_ANALYZER_NONNULL = YES;
				CLANG_ANALYZER_NUMBER_OBJECT_CONVERSION = YES_AGGRESSIVE;
				CLANG_CXX_LANGUAGE_STANDARD = "gnu++14";
				CLANG_CXX_LIBRARY = "libc++";
				CLANG_ENABLE_MODULES = YES;
				CLANG_ENABLE_OBJC_ARC = YES;
				CLANG_ENABLE_OBJC_WEAK = YES;
				CLANG_WARN_BLOCK_CAPTURE_AUTORELEASING = YES;
				CLANG_WARN_BOOL_CONVERSION = YES;
				CLANG_WARN_COMMA = YES;
				CLANG_WARN_CONSTANT_CONVERSION = YES;
				CLANG_WARN_DEPRECATED_OBJC_IMPLEMENTATIONS = YES;
				CLANG_WARN_DIRECT_OBJC_ISA_USAGE = YES_ERROR;
				CLANG_WARN_DOCUMENTATION_COMMENTS = YES;
				CLANG_WARN_EMPTY_BODY = YES;
				CLANG_WARN_ENUM_CONVERSION = YES;
				CLANG_WARN_INFINITE_RECURSION = YES;
				CLANG_WARN_INT_CONVERSION = YES;
				CLANG_WARN_NON_LITERAL_NULL_CONVERSION = YES;
				CLANG_WARN_OBJC_IMPLICIT_RETAIN_SELF = YES;
				CLANG_WARN_OBJC_LITERAL_CONVERSION = YES;
				CLANG_WARN_OBJC_ROOT_CLASS = YES_ERROR;
				CLANG_WARN_RANGE_LOOP_ANALYSIS = YES;
				CLANG_WARN_STRICT_PROTOTYPES = YES;
				CLANG_WARN_SUSPICIOUS_MOVE = YES;
				CLANG_WARN_UNGUARDED_AVAILABILITY = YES_AGGRESSIVE;
				CLANG_WARN_UNREACHABLE_CODE = YES;
				CLANG_WARN__DUPLICATE_METHOD_MATCH = YES;
				CODE_SIGN_IDENTITY = "iPhone Developer";
				COPY_PHASE_STRIP = NO;
				DEBUG_INFORMATION_FORMAT = dwarf;
				ENABLE_STRICT_OBJC_MSGSEND = YES;
				ENABLE_TESTABILITY = YES;
				GCC_C_LANGUAGE_STANDARD = gnu11;
				GCC_DYNAMIC_NO_PIC = NO;
				GCC_NO_COMMON_BLOCKS = YES;
				GCC_OPTIMIZATION_LEVEL = 0;
				GCC_PREPROCESSOR_DEFINITIONS = (
					"DEBUG=1",
					"$(inherited)",
				);
				GCC_WARN_64_TO_32_BIT_CONVERSION = YES;
				GCC_WARN_ABOUT_RETURN_TYPE = YES_ERROR;
				GCC_WARN_UNDECLARED_SELECTOR = YES;
				GCC_WARN_UNINITIALIZED_AUTOS = YES_AGGRESSIVE;
				GCC_WARN_UNUSED_FUNCTION = YES;
				GCC_WARN_UNUSED_VARIABLE = YES;
				IPHONEOS_DEPLOYMENT_TARGET = 12.1;
				MTL_ENABLE_DEBUG_INFO = INCLUDE_SOURCE;
				MTL_FAST_MATH = YES;
				ONLY_ACTIVE_ARCH = YES;
				SDKROOT = iphoneos;
				SWIFT_ACTIVE_COMPILATION_CONDITIONS = DEBUG;
				SWIFT_OPTIMIZATION_LEVEL = "-Onone";
			};
			name = Debug;
		};
		0A0D194E21E6600F006CD668 /* Release */ = {
			isa = XCBuildConfiguration;
			buildSettings = {
				ALWAYS_SEARCH_USER_PATHS = NO;
				CLANG_ANALYZER_NONNULL = YES;
				CLANG_ANALYZER_NUMBER_OBJECT_CONVERSION = YES_AGGRESSIVE;
				CLANG_CXX_LANGUAGE_STANDARD = "gnu++14";
				CLANG_CXX_LIBRARY = "libc++";
				CLANG_ENABLE_MODULES = YES;
				CLANG_ENABLE_OBJC_ARC = YES;
				CLANG_ENABLE_OBJC_WEAK = YES;
				CLANG_WARN_BLOCK_CAPTURE_AUTORELEASING = YES;
				CLANG_WARN_BOOL_CONVERSION = YES;
				CLANG_WARN_COMMA = YES;
				CLANG_WARN_CONSTANT_CONVERSION = YES;
				CLANG_WARN_DEPRECATED_OBJC_IMPLEMENTATIONS = YES;
				CLANG_WARN_DIRECT_OBJC_ISA_USAGE = YES_ERROR;
				CLANG_WARN_DOCUMENTATION_COMMENTS = YES;
				CLANG_WARN_EMPTY_BODY = YES;
				CLANG_WARN_ENUM_CONVERSION = YES;
				CLANG_WARN_INFINITE_RECURSION = YES;
				CLANG_WARN_INT_CONVERSION = YES;
				CLANG_WARN_NON_LITERAL_NULL_CONVERSION = YES;
				CLANG_WARN_OBJC_IMPLICIT_RETAIN_SELF = YES;
				CLANG_WARN_OBJC_LITERAL_CONVERSION = YES;
				CLANG_WARN_OBJC_ROOT_CLASS = YES_ERROR;
				CLANG_WARN_RANGE_LOOP_ANALYSIS = YES;
				CLANG_WARN_STRICT_PROTOTYPES = YES;
				CLANG_WARN_SUSPICIOUS_MOVE = YES;
				CLANG_WARN_UNGUARDED_AVAILABILITY = YES_AGGRESSIVE;
				CLANG_WARN_UNREACHABLE_CODE = YES;
				CLANG_WARN__DUPLICATE_METHOD_MATCH = YES;
				CODE_SIGN_IDENTITY = "iPhone Developer";
				COPY_PHASE_STRIP = NO;
				DEBUG_INFORMATION_FORMAT = "dwarf-with-dsym";
				ENABLE_NS_ASSERTIONS = NO;
				ENABLE_STRICT_OBJC_MSGSEND = YES;
				GCC_C_LANGUAGE_STANDARD = gnu11;
				GCC_NO_COMMON_BLOCKS = YES;
				GCC_WARN_64_TO_32_BIT_CONVERSION = YES;
				GCC_WARN_ABOUT_RETURN_TYPE = YES_ERROR;
				GCC_WARN_UNDECLARED_SELECTOR = YES;
				GCC_WARN_UNINITIALIZED_AUTOS = YES_AGGRESSIVE;
				GCC_WARN_UNUSED_FUNCTION = YES;
				GCC_WARN_UNUSED_VARIABLE = YES;
				IPHONEOS_DEPLOYMENT_TARGET = 12.1;
				MTL_ENABLE_DEBUG_INFO = NO;
				MTL_FAST_MATH = YES;
				SDKROOT = iphoneos;
				SWIFT_COMPILATION_MODE = wholemodule;
				SWIFT_OPTIMIZATION_LEVEL = "-O";
				VALIDATE_PRODUCT = YES;
			};
			name = Release;
		};
		0A0D195021E6600F006CD668 /* Debug */ = {
			isa = XCBuildConfiguration;
			buildSettings = {
				ASSETCATALOG_COMPILER_APPICON_NAME = AppIcon;
				CODE_SIGN_STYLE = Automatic;
				DEVELOPMENT_TEAM = 5LS879493P;
				INFOPLIST_FILE = TradingCardGame/Info.plist;
				LD_RUNPATH_SEARCH_PATHS = (
					"$(inherited)",
					"@executable_path/Frameworks",
				);
				PRODUCT_BUNDLE_IDENTIFIER = com.delusionalboy.pursuit.TradingCardGame;
				PRODUCT_NAME = "$(TARGET_NAME)";
				SWIFT_VERSION = 4.2;
				TARGETED_DEVICE_FAMILY = "1,2";
			};
			name = Debug;
		};
		0A0D195121E6600F006CD668 /* Release */ = {
			isa = XCBuildConfiguration;
			buildSettings = {
				ASSETCATALOG_COMPILER_APPICON_NAME = AppIcon;
				CODE_SIGN_STYLE = Automatic;
				DEVELOPMENT_TEAM = 5LS879493P;
				INFOPLIST_FILE = TradingCardGame/Info.plist;
				LD_RUNPATH_SEARCH_PATHS = (
					"$(inherited)",
					"@executable_path/Frameworks",
				);
				PRODUCT_BUNDLE_IDENTIFIER = com.delusionalboy.pursuit.TradingCardGame;
				PRODUCT_NAME = "$(TARGET_NAME)";
				SWIFT_VERSION = 4.2;
				TARGETED_DEVICE_FAMILY = "1,2";
			};